
Microsoft Visual Studio Solution File, Format Version 12.00
# Visual Studio 15
VisualStudioVersion = 15.0.26124.0
MinimumVisualStudioVersion = 15.0.26124.0
Project("{25B5330F-D17E-4FBE-BF15-DAD515F3D694}") = "NuciAPI", "NuciAPI\NuciAPI.csproj", "{4B3E4999-8433-4B2E-ADE1-47CE72984442}"
EndProject
Project("{25B5330F-D17E-4FBE-BF15-DAD515F3D694}") = "NuciAPI.UnitTests", "NuciAPI.UnitTests\NuciAPI.UnitTests.csproj", "{D758D145-977D-48AF-9D0E-B2B53B8CFDE8}"
EndProject
Global
	GlobalSection(SolutionConfigurationPlatforms) = preSolution
		Debug|Any CPU = Debug|Any CPU
		Debug|x64 = Debug|x64
		Debug|x86 = Debug|x86
		Release|Any CPU = Release|Any CPU
		Release|x64 = Release|x64
		Release|x86 = Release|x86
	EndGlobalSection
	GlobalSection(SolutionProperties) = preSolution
		HideSolutionNode = FALSE
	EndGlobalSection
	GlobalSection(ProjectConfigurationPlatforms) = postSolution
		{4B3E4999-8433-4B2E-ADE1-47CE72984442}.Debug|Any CPU.ActiveCfg = Debug|Any CPU
		{4B3E4999-8433-4B2E-ADE1-47CE72984442}.Debug|Any CPU.Build.0 = Debug|Any CPU
		{4B3E4999-8433-4B2E-ADE1-47CE72984442}.Debug|x64.ActiveCfg = Debug|Any CPU
		{4B3E4999-8433-4B2E-ADE1-47CE72984442}.Debug|x64.Build.0 = Debug|Any CPU
		{4B3E4999-8433-4B2E-ADE1-47CE72984442}.Debug|x86.ActiveCfg = Debug|Any CPU
		{4B3E4999-8433-4B2E-ADE1-47CE72984442}.Debug|x86.Build.0 = Debug|Any CPU
		{4B3E4999-8433-4B2E-ADE1-47CE72984442}.Release|Any CPU.ActiveCfg = Release|Any CPU
		{4B3E4999-8433-4B2E-ADE1-47CE72984442}.Release|Any CPU.Build.0 = Release|Any CPU
		{4B3E4999-8433-4B2E-ADE1-47CE72984442}.Release|x64.ActiveCfg = Release|Any CPU
		{4B3E4999-8433-4B2E-ADE1-47CE72984442}.Release|x64.Build.0 = Release|Any CPU
		{4B3E4999-8433-4B2E-ADE1-47CE72984442}.Release|x86.ActiveCfg = Release|Any CPU
		{4B3E4999-8433-4B2E-ADE1-47CE72984442}.Release|x86.Build.0 = Release|Any CPU
		{D758D145-977D-48AF-9D0E-B2B53B8CFDE8}.Debug|Any CPU.ActiveCfg = Debug|Any CPU
		{D758D145-977D-48AF-9D0E-B2B53B8CFDE8}.Debug|Any CPU.Build.0 = Debug|Any CPU
		{D758D145-977D-48AF-9D0E-B2B53B8CFDE8}.Debug|x64.ActiveCfg = Debug|Any CPU
		{D758D145-977D-48AF-9D0E-B2B53B8CFDE8}.Debug|x64.Build.0 = Debug|Any CPU
		{D758D145-977D-48AF-9D0E-B2B53B8CFDE8}.Debug|x86.ActiveCfg = Debug|Any CPU
		{D758D145-977D-48AF-9D0E-B2B53B8CFDE8}.Debug|x86.Build.0 = Debug|Any CPU
		{D758D145-977D-48AF-9D0E-B2B53B8CFDE8}.Release|Any CPU.ActiveCfg = Release|Any CPU
		{D758D145-977D-48AF-9D0E-B2B53B8CFDE8}.Release|Any CPU.Build.0 = Release|Any CPU
		{D758D145-977D-48AF-9D0E-B2B53B8CFDE8}.Release|x64.ActiveCfg = Release|Any CPU
		{D758D145-977D-48AF-9D0E-B2B53B8CFDE8}.Release|x64.Build.0 = Release|Any CPU
		{D758D145-977D-48AF-9D0E-B2B53B8CFDE8}.Release|x86.ActiveCfg = Release|Any CPU
		{D758D145-977D-48AF-9D0E-B2B53B8CFDE8}.Release|x86.Build.0 = Release|Any CPU
	EndGlobalSection
EndGlobal
